<?xml version="1.0" encoding="utf-8"?>
<!--
xmake version 2.9.8+master.a3556e3de

  This file is auto generated by xmake.

  Please DO NOT EDIT since all your modification will lost after re-generation.
  See https://github.com/xmake-io/xmake/pull/472 for more infomation.
-->
<Project ToolsVersion="4.0" xmlns="http://schemas.microsoft.com/developer/msbuild/2003">
  <ItemGroup>
    <Filter Include="Properties">
      <UniqueIdentifier>{CC7C6180-942D-056E-3227-E6A2B3FB19CD}</UniqueIdentifier>
    </Filter>
    <Filter Include="Shaders">
      <UniqueIdentifier>{89803DB8-FB0B-49EC-9727-C98AB6AF3C48}</UniqueIdentifier>
    </Filter>
    <Filter Include="Src">
      <UniqueIdentifier>{A0C54361-F8A4-4FAD-8693-8F34D43A478C}</UniqueIdentifier>
    </Filter>

  </ItemGroup>
  <ItemGroup>
    <None Include="$(MSBuildProjectDirectory)\Xmake.Custom.props">
      <Filter>Properties</Filter>
    </None>
    <None Include="$(MSBuildProjectDirectory)\Xmake.Custom.targets">
      <Filter>Properties</Filter>
    </None>
    <None Include="$(MSBuildProjectDirectory)\Xmake.Custom.items">
      <Filter>Properties</Filter>
    </None>
    <None Include="$(MSBuildProjectDirectory)\Xmake.Custom.items.filters">
      <Filter>Properties</Filter>
    </None>
    <None Include="$(XmakeScriptDir)\xmake.lua">
      <Filter>Properties</Filter>
    </None>
  </ItemGroup>
  <ItemGroup>
    <ClInclude Include="$(XmakeProjectDir)\Shaders\Cube.hlsli">
      <Filter>Shaders</Filter>
    </ClInclude>
    <ClInclude Include="$(XmakeProjectDir)\Shaders\Cube_PS.hlsl">
      <Filter>Shaders</Filter>
    </ClInclude>
    <ClInclude Include="$(XmakeProjectDir)\Shaders\Cube_VS.hlsl">
      <Filter>Shaders</Filter>
    </ClInclude>
    <ClInclude Include="$(XmakeProjectDir)\Src\CpuTimer.h">
      <Filter>Src</Filter>
    </ClInclude>
    <ClInclude Include="$(XmakeProjectDir)\Src\DXTrace.h">
      <Filter>Src</Filter>
    </ClInclude>
    <ClInclude Include="$(XmakeProjectDir)\Src\GameApp.h">
      <Filter>Src</Filter>
    </ClInclude>
    <ClInclude Include="$(XmakeProjectDir)\Src\WinMin.h">
      <Filter>Src</Filter>
    </ClInclude>
    <ClInclude Include="$(XmakeProjectDir)\Src\d3dApp.h">
      <Filter>Src</Filter>
    </ClInclude>
    <ClInclude Include="$(XmakeProjectDir)\Src\d3dUtil.h">
      <Filter>Src</Filter>
    </ClInclude>


  </ItemGroup>
  <ItemGroup>

    <ClCompile Include="$(XmakeProjectDir)\Src\CpuTimer.cpp">
      <Filter>Src</Filter>
    </ClCompile>
    <ClCompile Include="$(XmakeProjectDir)\Src\DXTrace.cpp">
      <Filter>Src</Filter>
    </ClCompile>
    <ClCompile Include="$(XmakeProjectDir)\Src\GameApp.cpp">
      <Filter>Src</Filter>
    </ClCompile>
    <ClCompile Include="$(XmakeProjectDir)\Src\Main.cpp">
      <Filter>Src</Filter>
    </ClCompile>
    <ClCompile Include="$(XmakeProjectDir)\Src\d3dApp.cpp">
      <Filter>Src</Filter>
    </ClCompile>
    <ClCompile Include="$(XmakeProjectDir)\Src\d3dUtil.cpp">
      <Filter>Src</Filter>
    </ClCompile>



  </ItemGroup>
  <ItemGroup>

  </ItemGroup>
  <ItemGroup>




  </ItemGroup>
  <Import Condition="Exists('$(MSBuildThisFileDirectory)\Xmake.Custom.files.filters')"
    Project="$(MSBuildThisFileDirectory)\Xmake.Custom.files.filters" />
</Project>
